
Microsoft Visual Studio Solution File, Format Version 12.00
# Visual Studio 15
VisualStudioVersion = 15.0.28010.2026
MinimumVisualStudioVersion = 10.0.40219.1
Project("{FAE04EC0-301F-11D3-BF4B-00C04F79EFBC}") = "POC.Api", "POC.Api\POC.Api.csproj", "{117967CE-3B3E-4178-8D96-39DF4DFB7428}"
EndProject
Project("{FAE04EC0-301F-11D3-BF4B-00C04F79EFBC}") = "POC.Data", "POC.Data\POC.Data.csproj", "{66BDF2B3-E230-436B-AE94-CF61545ECDDB}"
EndProject
Project("{FAE04EC0-301F-11D3-BF4B-00C04F79EFBC}") = "POC.Core", "POC.Core\POC.Core.csproj", "{D62640DC-4943-47CE-8D56-08B9BABE63AB}"
EndProject
Global
	GlobalSection(SolutionConfigurationPlatforms) = preSolution
		Debug|Any CPU = Debug|Any CPU
		Release|Any CPU = Release|Any CPU
	EndGlobalSection
	GlobalSection(ProjectConfigurationPlatforms) = postSolution
		{117967CE-3B3E-4178-8D96-39DF4DFB7428}.Debug|Any CPU.ActiveCfg = Debug|Any CPU
		{117967CE-3B3E-4178-8D96-39DF4DFB7428}.Debug|Any CPU.Build.0 = Debug|Any CPU
		{117967CE-3B3E-4178-8D96-39DF4DFB7428}.Release|Any CPU.ActiveCfg = Release|Any CPU
		{117967CE-3B3E-4178-8D96-39DF4DFB7428}.Release|Any CPU.Build.0 = Release|Any CPU
		{66BDF2B3-E230-436B-AE94-CF61545ECDDB}.Debug|Any CPU.ActiveCfg = Debug|Any CPU
		{66BDF2B3-E230-436B-AE94-CF61545ECDDB}.Debug|Any CPU.Build.0 = Debug|Any CPU
		{66BDF2B3-E230-436B-AE94-CF61545ECDDB}.Release|Any CPU.ActiveCfg = Release|Any CPU
		{66BDF2B3-E230-436B-AE94-CF61545ECDDB}.Release|Any CPU.Build.0 = Release|Any CPU
		{D62640DC-4943-47CE-8D56-08B9BABE63AB}.Debug|Any CPU.ActiveCfg = Debug|Any CPU
		{D62640DC-4943-47CE-8D56-08B9BABE63AB}.Debug|Any CPU.Build.0 = Debug|Any CPU
		{D62640DC-4943-47CE-8D56-08B9BABE63AB}.Release|Any CPU.ActiveCfg = Release|Any CPU
		{D62640DC-4943-47CE-8D56-08B9BABE63AB}.Release|Any CPU.Build.0 = Release|Any CPU
	EndGlobalSection
	GlobalSection(SolutionProperties) = preSolution
		HideSolutionNode = FALSE
	EndGlobalSection
	GlobalSection(ExtensibilityGlobals) = postSolution
		SolutionGuid = {79B59F3B-5D10-42AB-9ECE-F929E5FCCAC2}
	EndGlobalSection
EndGlobal
